
Microsoft Visual Studio Solution File, Format Version 12.00
# Visual Studio 15
Project("{FAE04EC0-301F-11D3-BF4B-00C04F79EFBC}") = "Unity.Timeline", "Unity.Timeline.csproj", "{AA71CFAB-420E-E867-0666-4F0F82B56279}"
EndProject
Project("{FAE04EC0-301F-11D3-BF4B-00C04F79EFBC}") = "Unity.PlasticSCM.Editor", "Unity.PlasticSCM.Editor.csproj", "{D91B6A68-CC51-EEDF-EECD-A582294ED2E9}"
EndProject
Project("{FAE04EC0-301F-11D3-BF4B-00C04F79EFBC}") = "Unity.Mathematics", "Unity.Mathematics.csproj", "{F3E1D955-3AEC-9B08-AE6D-867DCA9DF752}"
EndProject
Project("{FAE04EC0-301F-11D3-BF4B-00C04F79EFBC}") = "Unity.Timeline.Editor", "Unity.Timeline.Editor.csproj", "{9DC54C43-50D1-95EB-BB01-5C3160E083A4}"
EndProject
Project("{FAE04EC0-301F-11D3-BF4B-00C04F79EFBC}") = "Unity.Collections", "Unity.Collections.csproj", "{B7BC0C94-DE89-FA99-96BB-1EA80F988FA5}"
EndProject
Project("{FAE04EC0-301F-11D3-BF4B-00C04F79EFBC}") = "Unity.VisualScripting.Core.Editor", "Unity.VisualScripting.Core.Editor.csproj", "{CFFA2412-CEE9-25F5-3A2B-B0C3D2F7DC7F}"
EndProject
Project("{FAE04EC0-301F-11D3-BF4B-00C04F79EFBC}") = "Unity.PerformanceTesting.Editor", "Unity.PerformanceTesting.Editor.csproj", "{D4CA97E4-D3B0-75D7-74C8-AA40A982B5DA}"
EndProject
Project("{FAE04EC0-301F-11D3-BF4B-00C04F79EFBC}") = "Unity.Burst", "Unity.Burst.csproj", "{768BBF1D-EC13-B258-0C08-0F6608410401}"
EndProject
Project("{FAE04EC0-301F-11D3-BF4B-00C04F79EFBC}") = "Unity.VisualScripting.Flow.Editor", "Unity.VisualScripting.Flow.Editor.csproj", "{DE63C7FA-80B8-DB7F-E94C-BA0E451813F2}"
EndProject
Project("{FAE04EC0-301F-11D3-BF4B-00C04F79EFBC}") = "Unity.VisualStudio.Editor", "Unity.VisualStudio.Editor.csproj", "{A5250F35-1318-2544-DD4C-5C2FC4147C97}"
EndProject
Project("{FAE04EC0-301F-11D3-BF4B-00C04F79EFBC}") = "Unity.InputSystem", "Unity.InputSystem.csproj", "{67902707-2E49-4DAC-7E08-A40DC440FCD5}"
EndProject
Project("{FAE04EC0-301F-11D3-BF4B-00C04F79EFBC}") = "Unity.Searcher.Editor", "Unity.Searcher.Editor.csproj", "{88BAF3DA-47EF-FDAB-CE1B-1C180F9A7FE2}"
EndProject
Project("{FAE04EC0-301F-11D3-BF4B-00C04F79EFBC}") = "Unity.VisualScripting.Core", "Unity.VisualScripting.Core.csproj", "{F718E335-6AAA-C941-FFD7-657246BEB012}"
EndProject
Project("{FAE04EC0-301F-11D3-BF4B-00C04F79EFBC}") = "Unity.AI.Navigation.Editor.ConversionSystem", "Unity.AI.Navigation.Editor.ConversionSystem.csproj", "{065C90A2-D456-4F70-D470-B042FA89EEEC}"
EndProject
Project("{FAE04EC0-301F-11D3-BF4B-00C04F79EFBC}") = "Unity.VisualScripting.State.Editor", "Unity.VisualScripting.State.Editor.csproj", "{B8C7ABE1-DFF3-7E78-6DA7-9DF123FE4EC8}"
EndProject
Project("{FAE04EC0-301F-11D3-BF4B-00C04F79EFBC}") = "Unity.Burst.CodeGen", "Unity.Burst.CodeGen.csproj", "{3DC55FE5-CFCD-70E7-EAB0-658003F17157}"
EndProject
Project("{FAE04EC0-301F-11D3-BF4B-00C04F79EFBC}") = "Unity.VisualScripting.Flow", "Unity.VisualScripting.Flow.csproj", "{A6503458-BC1A-FC3E-DE9F-320CB2945529}"
EndProject
Project("{FAE04EC0-301F-11D3-BF4B-00C04F79EFBC}") = "Unity.PerformanceTesting", "Unity.PerformanceTesting.csproj", "{7DBF2BFF-0A46-F2CF-800F-FF2DD10213D8}"
EndProject
Project("{FAE04EC0-301F-11D3-BF4B-00C04F79EFBC}") = "Unity.Burst.Editor", "Unity.Burst.Editor.csproj", "{4D3A783A-D5D8-27C8-58DB-ACED6840C5DC}"
EndProject
Project("{FAE04EC0-301F-11D3-BF4B-00C04F79EFBC}") = "Unity.Rider.Editor", "Unity.Rider.Editor.csproj", "{9B168589-3356-01B5-B9F7-335C1615CD9E}"
EndProject
Project("{FAE04EC0-301F-11D3-BF4B-00C04F79EFBC}") = "Unity.VisualScripting.State", "Unity.VisualScripting.State.csproj", "{D9EBFB72-5975-0825-D3CD-8D7E30A025A5}"
EndProject
Project("{FAE04EC0-301F-11D3-BF4B-00C04F79EFBC}") = "Unity.AI.Navigation.Updater", "Unity.AI.Navigation.Updater.csproj", "{E5C22661-6945-3BD8-1617-666B8D54B536}"
EndProject
Project("{FAE04EC0-301F-11D3-BF4B-00C04F79EFBC}") = "Unity.AI.Navigation.Editor", "Unity.AI.Navigation.Editor.csproj", "{2CC0F6F4-C6D6-0A3E-1A6F-736E4EE6E32D}"
EndProject
Project("{FAE04EC0-301F-11D3-BF4B-00C04F79EFBC}") = "Unity.InputSystem.ForUI", "Unity.InputSystem.ForUI.csproj", "{B9B35DE5-7FDE-809C-333A-C4725FB33FBA}"
EndProject
Project("{FAE04EC0-301F-11D3-BF4B-00C04F79EFBC}") = "Unity.AI.Navigation", "Unity.AI.Navigation.csproj", "{F20BA68D-049C-89F1-F992-DFB92C503F68}"
EndProject
Project("{FAE04EC0-301F-11D3-BF4B-00C04F79EFBC}") = "Unity.Collections.CodeGen", "Unity.Collections.CodeGen.csproj", "{6DD6F459-A827-7C7D-8DF9-37BBA8CFE417}"
EndProject
Project("{FAE04EC0-301F-11D3-BF4B-00C04F79EFBC}") = "Unity.Mathematics.Editor", "Unity.Mathematics.Editor.csproj", "{546FCC2C-381C-6D8B-E6B6-4B7DAD5BBD36}"
EndProject
Project("{FAE04EC0-301F-11D3-BF4B-00C04F79EFBC}") = "Unity.VisualScripting.SettingsProvider.Editor", "Unity.VisualScripting.SettingsProvider.Editor.csproj", "{A5EC846E-BD95-6712-4F58-3A4ED63FFC9E}"
EndProject
Project("{FAE04EC0-301F-11D3-BF4B-00C04F79EFBC}") = "Assembly-CSharp-Editor", "Assembly-CSharp-Editor.csproj", "{E8A91009-7186-A382-4FE4-3C21BA335F00}"
EndProject
Project("{FAE04EC0-301F-11D3-BF4B-00C04F79EFBC}") = "Unity.InputSystem.TestFramework", "Unity.InputSystem.TestFramework.csproj", "{2514A1AC-07D9-AD4C-DF6E-01ACC6FEE6C9}"
EndProject
Project("{FAE04EC0-301F-11D3-BF4B-00C04F79EFBC}") = "Unity.VisualScripting.Shared.Editor", "Unity.VisualScripting.Shared.Editor.csproj", "{2CD0C4DC-9691-6470-4892-0F053FCEE9A0}"
EndProject
Project("{FAE04EC0-301F-11D3-BF4B-00C04F79EFBC}") = "Unity.CollabProxy.Editor", "Unity.CollabProxy.Editor.csproj", "{167C60AB-AB6D-7EED-BEB2-EFA64D7C53B6}"
EndProject
Project("{FAE04EC0-301F-11D3-BF4B-00C04F79EFBC}") = "Assembly-CSharp", "Assembly-CSharp.csproj", "{32C3BDE6-E125-3128-82C1-25D0441455A3}"
EndProject
Project("{FAE04EC0-301F-11D3-BF4B-00C04F79EFBC}") = "Unity.InputSystem.DocCodeSamples", "Unity.InputSystem.DocCodeSamples.csproj", "{56B64E2E-A446-2926-127A-EDB335978C04}"
EndProject
Project("{FAE04EC0-301F-11D3-BF4B-00C04F79EFBC}") = "Unity.VisualScripting.DocCodeExamples", "Unity.VisualScripting.DocCodeExamples.csproj", "{7CA703D9-A59B-6728-C728-3A293052CBFD}"
EndProject
Project("{FAE04EC0-301F-11D3-BF4B-00C04F79EFBC}") = "Unity.PlasticSCM.Editor.Entities", "Unity.PlasticSCM.Editor.Entities.csproj", "{4B67D929-DD67-1A7B-C356-692D1C499303}"
EndProject
Project("{FAE04EC0-301F-11D3-BF4B-00C04F79EFBC}") = "Unity.Collections.Editor", "Unity.Collections.Editor.csproj", "{63E92730-EF54-26EB-8736-03A962D8FE11}"
EndProject
Global
	GlobalSection(SolutionConfigurationPlatforms) = preSolution
		Debug|Any CPU = Debug|Any CPU
		Release|Any CPU = Release|Any CPU
	EndGlobalSection
	GlobalSection(ProjectConfigurationPlatforms) = postSolution
		{AA71CFAB-420E-E867-0666-4F0F82B56279}.Debug|Any CPU.ActiveCfg = Debug|Any CPU
		{AA71CFAB-420E-E867-0666-4F0F82B56279}.Debug|Any CPU.Build.0 = Debug|Any CPU
		{AA71CFAB-420E-E867-0666-4F0F82B56279}.Release|Any CPU.ActiveCfg = Release|Any CPU
		{AA71CFAB-420E-E867-0666-4F0F82B56279}.Release|Any CPU.Build.0 = Release|Any CPU
		{D91B6A68-CC51-EEDF-EECD-A582294ED2E9}.Debug|Any CPU.ActiveCfg = Debug|Any CPU
		{D91B6A68-CC51-EEDF-EECD-A582294ED2E9}.Debug|Any CPU.Build.0 = Debug|Any CPU
		{D91B6A68-CC51-EEDF-EECD-A582294ED2E9}.Release|Any CPU.ActiveCfg = Release|Any CPU
		{D91B6A68-CC51-EEDF-EECD-A582294ED2E9}.Release|Any CPU.Build.0 = Release|Any CPU
		{F3E1D955-3AEC-9B08-AE6D-867DCA9DF752}.Debug|Any CPU.ActiveCfg = Debug|Any CPU
		{F3E1D955-3AEC-9B08-AE6D-867DCA9DF752}.Debug|Any CPU.Build.0 = Debug|Any CPU
		{F3E1D955-3AEC-9B08-AE6D-867DCA9DF752}.Release|Any CPU.ActiveCfg = Release|Any CPU
		{F3E1D955-3AEC-9B08-AE6D-867DCA9DF752}.Release|Any CPU.Build.0 = Release|Any CPU
		{9DC54C43-50D1-95EB-BB01-5C3160E083A4}.Debug|Any CPU.ActiveCfg = Debug|Any CPU
		{9DC54C43-50D1-95EB-BB01-5C3160E083A4}.Debug|Any CPU.Build.0 = Debug|Any CPU
		{9DC54C43-50D1-95EB-BB01-5C3160E083A4}.Release|Any CPU.ActiveCfg = Release|Any CPU
		{9DC54C43-50D1-95EB-BB01-5C3160E083A4}.Release|Any CPU.Build.0 = Release|Any CPU
		{B7BC0C94-DE89-FA99-96BB-1EA80F988FA5}.Debug|Any CPU.ActiveCfg = Debug|Any CPU
		{B7BC0C94-DE89-FA99-96BB-1EA80F988FA5}.Debug|Any CPU.Build.0 = Debug|Any CPU
		{B7BC0C94-DE89-FA99-96BB-1EA80F988FA5}.Release|Any CPU.ActiveCfg = Release|Any CPU
		{B7BC0C94-DE89-FA99-96BB-1EA80F988FA5}.Release|Any CPU.Build.0 = Release|Any CPU
		{CFFA2412-CEE9-25F5-3A2B-B0C3D2F7DC7F}.Debug|Any CPU.ActiveCfg = Debug|Any CPU
		{CFFA2412-CEE9-25F5-3A2B-B0C3D2F7DC7F}.Debug|Any CPU.Build.0 = Debug|Any CPU
		{CFFA2412-CEE9-25F5-3A2B-B0C3D2F7DC7F}.Release|Any CPU.ActiveCfg = Release|Any CPU
		{CFFA2412-CEE9-25F5-3A2B-B0C3D2F7DC7F}.Release|Any CPU.Build.0 = Release|Any CPU
		{D4CA97E4-D3B0-75D7-74C8-AA40A982B5DA}.Debug|Any CPU.ActiveCfg = Debug|Any CPU
		{D4CA97E4-D3B0-75D7-74C8-AA40A982B5DA}.Debug|Any CPU.Build.0 = Debug|Any CPU
		{D4CA97E4-D3B0-75D7-74C8-AA40A982B5DA}.Release|Any CPU.ActiveCfg = Release|Any CPU
		{D4CA97E4-D3B0-75D7-74C8-AA40A982B5DA}.Release|Any CPU.Build.0 = Release|Any CPU
		{768BBF1D-EC13-B258-0C08-0F6608410401}.Debug|Any CPU.ActiveCfg = Debug|Any CPU
		{768BBF1D-EC13-B258-0C08-0F6608410401}.Debug|Any CPU.Build.0 = Debug|Any CPU
		{768BBF1D-EC13-B258-0C08-0F6608410401}.Release|Any CPU.ActiveCfg = Release|Any CPU
		{768BBF1D-EC13-B258-0C08-0F6608410401}.Release|Any CPU.Build.0 = Release|Any CPU
		{DE63C7FA-80B8-DB7F-E94C-BA0E451813F2}.Debug|Any CPU.ActiveCfg = Debug|Any CPU
		{DE63C7FA-80B8-DB7F-E94C-BA0E451813F2}.Debug|Any CPU.Build.0 = Debug|Any CPU
		{DE63C7FA-80B8-DB7F-E94C-BA0E451813F2}.Release|Any CPU.ActiveCfg = Release|Any CPU
		{DE63C7FA-80B8-DB7F-E94C-BA0E451813F2}.Release|Any CPU.Build.0 = Release|Any CPU
		{A5250F35-1318-2544-DD4C-5C2FC4147C97}.Debug|Any CPU.ActiveCfg = Debug|Any CPU
		{A5250F35-1318-2544-DD4C-5C2FC4147C97}.Debug|Any CPU.Build.0 = Debug|Any CPU
		{A5250F35-1318-2544-DD4C-5C2FC4147C97}.Release|Any CPU.ActiveCfg = Release|Any CPU
		{A5250F35-1318-2544-DD4C-5C2FC4147C97}.Release|Any CPU.Build.0 = Release|Any CPU
		{67902707-2E49-4DAC-7E08-A40DC440FCD5}.Debug|Any CPU.ActiveCfg = Debug|Any CPU
		{67902707-2E49-4DAC-7E08-A40DC440FCD5}.Debug|Any CPU.Build.0 = Debug|Any CPU
		{67902707-2E49-4DAC-7E08-A40DC440FCD5}.Release|Any CPU.ActiveCfg = Release|Any CPU
		{67902707-2E49-4DAC-7E08-A40DC440FCD5}.Release|Any CPU.Build.0 = Release|Any CPU
		{88BAF3DA-47EF-FDAB-CE1B-1C180F9A7FE2}.Debug|Any CPU.ActiveCfg = Debug|Any CPU
		{88BAF3DA-47EF-FDAB-CE1B-1C180F9A7FE2}.Debug|Any CPU.Build.0 = Debug|Any CPU
		{88BAF3DA-47EF-FDAB-CE1B-1C180F9A7FE2}.Release|Any CPU.ActiveCfg = Release|Any CPU
		{88BAF3DA-47EF-FDAB-CE1B-1C180F9A7FE2}.Release|Any CPU.Build.0 = Release|Any CPU
		{F718E335-6AAA-C941-FFD7-657246BEB012}.Debug|Any CPU.ActiveCfg = Debug|Any CPU
		{F718E335-6AAA-C941-FFD7-657246BEB012}.Debug|Any CPU.Build.0 = Debug|Any CPU
		{F718E335-6AAA-C941-FFD7-657246BEB012}.Release|Any CPU.ActiveCfg = Release|Any CPU
		{F718E335-6AAA-C941-FFD7-657246BEB012}.Release|Any CPU.Build.0 = Release|Any CPU
		{065C90A2-D456-4F70-D470-B042FA89EEEC}.Debug|Any CPU.ActiveCfg = Debug|Any CPU
		{065C90A2-D456-4F70-D470-B042FA89EEEC}.Debug|Any CPU.Build.0 = Debug|Any CPU
		{065C90A2-D456-4F70-D470-B042FA89EEEC}.Release|Any CPU.ActiveCfg = Release|Any CPU
		{065C90A2-D456-4F70-D470-B042FA89EEEC}.Release|Any CPU.Build.0 = Release|Any CPU
		{B8C7ABE1-DFF3-7E78-6DA7-9DF123FE4EC8}.Debug|Any CPU.ActiveCfg = Debug|Any CPU
		{B8C7ABE1-DFF3-7E78-6DA7-9DF123FE4EC8}.Debug|Any CPU.Build.0 = Debug|Any CPU
		{B8C7ABE1-DFF3-7E78-6DA7-9DF123FE4EC8}.Release|Any CPU.ActiveCfg = Release|Any CPU
		{B8C7ABE1-DFF3-7E78-6DA7-9DF123FE4EC8}.Release|Any CPU.Build.0 = Release|Any CPU
		{3DC55FE5-CFCD-70E7-EAB0-658003F17157}.Debug|Any CPU.ActiveCfg = Debug|Any CPU
		{3DC55FE5-CFCD-70E7-EAB0-658003F17157}.Debug|Any CPU.Build.0 = Debug|Any CPU
		{3DC55FE5-CFCD-70E7-EAB0-658003F17157}.Release|Any CPU.ActiveCfg = Release|Any CPU
		{3DC55FE5-CFCD-70E7-EAB0-658003F17157}.Release|Any CPU.Build.0 = Release|Any CPU
		{A6503458-BC1A-FC3E-DE9F-320CB2945529}.Debug|Any CPU.ActiveCfg = Debug|Any CPU
		{A6503458-BC1A-FC3E-DE9F-320CB2945529}.Debug|Any CPU.Build.0 = Debug|Any CPU
		{A6503458-BC1A-FC3E-DE9F-320CB2945529}.Release|Any CPU.ActiveCfg = Release|Any CPU
		{A6503458-BC1A-FC3E-DE9F-320CB2945529}.Release|Any CPU.Build.0 = Release|Any CPU
		{7DBF2BFF-0A46-F2CF-800F-FF2DD10213D8}.Debug|Any CPU.ActiveCfg = Debug|Any CPU
		{7DBF2BFF-0A46-F2CF-800F-FF2DD10213D8}.Debug|Any CPU.Build.0 = Debug|Any CPU
		{7DBF2BFF-0A46-F2CF-800F-FF2DD10213D8}.Release|Any CPU.ActiveCfg = Release|Any CPU
		{7DBF2BFF-0A46-F2CF-800F-FF2DD10213D8}.Release|Any CPU.Build.0 = Release|Any CPU
		{4D3A783A-D5D8-27C8-58DB-ACED6840C5DC}.Debug|Any CPU.ActiveCfg = Debug|Any CPU
		{4D3A783A-D5D8-27C8-58DB-ACED6840C5DC}.Debug|Any CPU.Build.0 = Debug|Any CPU
		{4D3A783A-D5D8-27C8-58DB-ACED6840C5DC}.Release|Any CPU.ActiveCfg = Release|Any CPU
		{4D3A783A-D5D8-27C8-58DB-ACED6840C5DC}.Release|Any CPU.Build.0 = Release|Any CPU
		{9B168589-3356-01B5-B9F7-335C1615CD9E}.Debug|Any CPU.ActiveCfg = Debug|Any CPU
		{9B168589-3356-01B5-B9F7-335C1615CD9E}.Debug|Any CPU.Build.0 = Debug|Any CPU
		{9B168589-3356-01B5-B9F7-335C1615CD9E}.Release|Any CPU.ActiveCfg = Release|Any CPU
		{9B168589-3356-01B5-B9F7-335C1615CD9E}.Release|Any CPU.Build.0 = Release|Any CPU
		{D9EBFB72-5975-0825-D3CD-8D7E30A025A5}.Debug|Any CPU.ActiveCfg = Debug|Any CPU
		{D9EBFB72-5975-0825-D3CD-8D7E30A025A5}.Debug|Any CPU.Build.0 = Debug|Any CPU
		{D9EBFB72-5975-0825-D3CD-8D7E30A025A5}.Release|Any CPU.ActiveCfg = Release|Any CPU
		{D9EBFB72-5975-0825-D3CD-8D7E30A025A5}.Release|Any CPU.Build.0 = Release|Any CPU
		{E5C22661-6945-3BD8-1617-666B8D54B536}.Debug|Any CPU.ActiveCfg = Debug|Any CPU
		{E5C22661-6945-3BD8-1617-666B8D54B536}.Debug|Any CPU.Build.0 = Debug|Any CPU
		{E5C22661-6945-3BD8-1617-666B8D54B536}.Release|Any CPU.ActiveCfg = Release|Any CPU
		{E5C22661-6945-3BD8-1617-666B8D54B536}.Release|Any CPU.Build.0 = Release|Any CPU
		{2CC0F6F4-C6D6-0A3E-1A6F-736E4EE6E32D}.Debug|Any CPU.ActiveCfg = Debug|Any CPU
		{2CC0F6F4-C6D6-0A3E-1A6F-736E4EE6E32D}.Debug|Any CPU.Build.0 = Debug|Any CPU
		{2CC0F6F4-C6D6-0A3E-1A6F-736E4EE6E32D}.Release|Any CPU.ActiveCfg = Release|Any CPU
		{2CC0F6F4-C6D6-0A3E-1A6F-736E4EE6E32D}.Release|Any CPU.Build.0 = Release|Any CPU
		{B9B35DE5-7FDE-809C-333A-C4725FB33FBA}.Debug|Any CPU.ActiveCfg = Debug|Any CPU
		{B9B35DE5-7FDE-809C-333A-C4725FB33FBA}.Debug|Any CPU.Build.0 = Debug|Any CPU
		{B9B35DE5-7FDE-809C-333A-C4725FB33FBA}.Release|Any CPU.ActiveCfg = Release|Any CPU
		{B9B35DE5-7FDE-809C-333A-C4725FB33FBA}.Release|Any CPU.Build.0 = Release|Any CPU
		{F20BA68D-049C-89F1-F992-DFB92C503F68}.Debug|Any CPU.ActiveCfg = Debug|Any CPU
		{F20BA68D-049C-89F1-F992-DFB92C503F68}.Debug|Any CPU.Build.0 = Debug|Any CPU
		{F20BA68D-049C-89F1-F992-DFB92C503F68}.Release|Any CPU.ActiveCfg = Release|Any CPU
		{F20BA68D-049C-89F1-F992-DFB92C503F68}.Release|Any CPU.Build.0 = Release|Any CPU
		{6DD6F459-A827-7C7D-8DF9-37BBA8CFE417}.Debug|Any CPU.ActiveCfg = Debug|Any CPU
		{6DD6F459-A827-7C7D-8DF9-37BBA8CFE417}.Debug|Any CPU.Build.0 = Debug|Any CPU
		{6DD6F459-A827-7C7D-8DF9-37BBA8CFE417}.Release|Any CPU.ActiveCfg = Release|Any CPU
		{6DD6F459-A827-7C7D-8DF9-37BBA8CFE417}.Release|Any CPU.Build.0 = Release|Any CPU
		{546FCC2C-381C-6D8B-E6B6-4B7DAD5BBD36}.Debug|Any CPU.ActiveCfg = Debug|Any CPU
		{546FCC2C-381C-6D8B-E6B6-4B7DAD5BBD36}.Debug|Any CPU.Build.0 = Debug|Any CPU
		{546FCC2C-381C-6D8B-E6B6-4B7DAD5BBD36}.Release|Any CPU.ActiveCfg = Release|Any CPU
		{546FCC2C-381C-6D8B-E6B6-4B7DAD5BBD36}.Release|Any CPU.Build.0 = Release|Any CPU
		{A5EC846E-BD95-6712-4F58-3A4ED63FFC9E}.Debug|Any CPU.ActiveCfg = Debug|Any CPU
		{A5EC846E-BD95-6712-4F58-3A4ED63FFC9E}.Debug|Any CPU.Build.0 = Debug|Any CPU
		{A5EC846E-BD95-6712-4F58-3A4ED63FFC9E}.Release|Any CPU.ActiveCfg = Release|Any CPU
		{A5EC846E-BD95-6712-4F58-3A4ED63FFC9E}.Release|Any CPU.Build.0 = Release|Any CPU
		{E8A91009-7186-A382-4FE4-3C21BA335F00}.Debug|Any CPU.ActiveCfg = Debug|Any CPU
		{E8A91009-7186-A382-4FE4-3C21BA335F00}.Debug|Any CPU.Build.0 = Debug|Any CPU
		{E8A91009-7186-A382-4FE4-3C21BA335F00}.Release|Any CPU.ActiveCfg = Release|Any CPU
		{E8A91009-7186-A382-4FE4-3C21BA335F00}.Release|Any CPU.Build.0 = Release|Any CPU
		{2514A1AC-07D9-AD4C-DF6E-01ACC6FEE6C9}.Debug|Any CPU.ActiveCfg = Debug|Any CPU
		{2514A1AC-07D9-AD4C-DF6E-01ACC6FEE6C9}.Debug|Any CPU.Build.0 = Debug|Any CPU
		{2514A1AC-07D9-AD4C-DF6E-01ACC6FEE6C9}.Release|Any CPU.ActiveCfg = Release|Any CPU
		{2514A1AC-07D9-AD4C-DF6E-01ACC6FEE6C9}.Release|Any CPU.Build.0 = Release|Any CPU
		{2CD0C4DC-9691-6470-4892-0F053FCEE9A0}.Debug|Any CPU.ActiveCfg = Debug|Any CPU
		{2CD0C4DC-9691-6470-4892-0F053FCEE9A0}.Debug|Any CPU.Build.0 = Debug|Any CPU
		{2CD0C4DC-9691-6470-4892-0F053FCEE9A0}.Release|Any CPU.ActiveCfg = Release|Any CPU
		{2CD0C4DC-9691-6470-4892-0F053FCEE9A0}.Release|Any CPU.Build.0 = Release|Any CPU
		{167C60AB-AB6D-7EED-BEB2-EFA64D7C53B6}.Debug|Any CPU.ActiveCfg = Debug|Any CPU
		{167C60AB-AB6D-7EED-BEB2-EFA64D7C53B6}.Debug|Any CPU.Build.0 = Debug|Any CPU
		{167C60AB-AB6D-7EED-BEB2-EFA64D7C53B6}.Release|Any CPU.ActiveCfg = Release|Any CPU
		{167C60AB-AB6D-7EED-BEB2-EFA64D7C53B6}.Release|Any CPU.Build.0 = Release|Any CPU
		{32C3BDE6-E125-3128-82C1-25D0441455A3}.Debug|Any CPU.ActiveCfg = Debug|Any CPU
		{32C3BDE6-E125-3128-82C1-25D0441455A3}.Debug|Any CPU.Build.0 = Debug|Any CPU
		{32C3BDE6-E125-3128-82C1-25D0441455A3}.Release|Any CPU.ActiveCfg = Release|Any CPU
		{32C3BDE6-E125-3128-82C1-25D0441455A3}.Release|Any CPU.Build.0 = Release|Any CPU
		{56B64E2E-A446-2926-127A-EDB335978C04}.Debug|Any CPU.ActiveCfg = Debug|Any CPU
		{56B64E2E-A446-2926-127A-EDB335978C04}.Debug|Any CPU.Build.0 = Debug|Any CPU
		{56B64E2E-A446-2926-127A-EDB335978C04}.Release|Any CPU.ActiveCfg = Release|Any CPU
		{56B64E2E-A446-2926-127A-EDB335978C04}.Release|Any CPU.Build.0 = Release|Any CPU
		{7CA703D9-A59B-6728-C728-3A293052CBFD}.Debug|Any CPU.ActiveCfg = Debug|Any CPU
		{7CA703D9-A59B-6728-C728-3A293052CBFD}.Debug|Any CPU.Build.0 = Debug|Any CPU
		{7CA703D9-A59B-6728-C728-3A293052CBFD}.Release|Any CPU.ActiveCfg = Release|Any CPU
		{7CA703D9-A59B-6728-C728-3A293052CBFD}.Release|Any CPU.Build.0 = Release|Any CPU
		{4B67D929-DD67-1A7B-C356-692D1C499303}.Debug|Any CPU.ActiveCfg = Debug|Any CPU
		{4B67D929-DD67-1A7B-C356-692D1C499303}.Debug|Any CPU.Build.0 = Debug|Any CPU
		{4B67D929-DD67-1A7B-C356-692D1C499303}.Release|Any CPU.ActiveCfg = Release|Any CPU
		{4B67D929-DD67-1A7B-C356-692D1C499303}.Release|Any CPU.Build.0 = Release|Any CPU
		{63E92730-EF54-26EB-8736-03A962D8FE11}.Debug|Any CPU.ActiveCfg = Debug|Any CPU
		{63E92730-EF54-26EB-8736-03A962D8FE11}.Debug|Any CPU.Build.0 = Debug|Any CPU
		{63E92730-EF54-26EB-8736-03A962D8FE11}.Release|Any CPU.ActiveCfg = Release|Any CPU
		{63E92730-EF54-26EB-8736-03A962D8FE11}.Release|Any CPU.Build.0 = Release|Any CPU
	EndGlobalSection
	GlobalSection(SolutionProperties) = preSolution
		HideSolutionNode = FALSE
	EndGlobalSection
EndGlobal
